
Microsoft Visual Studio Solution File, Format Version 12.00
# Visual Studio Version 17
VisualStudioVersion = 17.11.35327.3
MinimumVisualStudioVersion = 10.0.40219.1
Project("{8BC9CEB8-8B4A-11D0-8D11-00A0C91BC942}") = "GameEngine", "GameEngine\GameEngine.vcxproj", "{CDDE6AF9-1B81-47FA-B3CC-A757D515A159}"
EndProject
Project("{8BC9CEB8-8B4A-11D0-8D11-00A0C91BC942}") = "Engine", "Engine\Engine.vcxproj", "{DFC9A37D-4607-4D79-AF9E-BA7840219076}"
EndProject
Global
	GlobalSection(SolutionConfigurationPlatforms) = preSolution
		Debug|x64 = Debug|x64
		Debug|x86 = Debug|x86
		Release|x64 = Release|x64
		Release|x86 = Release|x86
	EndGlobalSection
	GlobalSection(ProjectConfigurationPlatforms) = postSolution
		{CDDE6AF9-1B81-47FA-B3CC-A757D515A159}.Debug|x64.ActiveCfg = Debug|x64
		{CDDE6AF9-1B81-47FA-B3CC-A757D515A159}.Debug|x64.Build.0 = Debug|x64
		{CDDE6AF9-1B81-47FA-B3CC-A757D515A159}.Debug|x86.ActiveCfg = Debug|Win32
		{CDDE6AF9-1B81-47FA-B3CC-A757D515A159}.Debug|x86.Build.0 = Debug|Win32
		{CDDE6AF9-1B81-47FA-B3CC-A757D515A159}.Release|x64.ActiveCfg = Release|x64
		{CDDE6AF9-1B81-47FA-B3CC-A757D515A159}.Release|x64.Build.0 = Release|x64
		{CDDE6AF9-1B81-47FA-B3CC-A757D515A159}.Release|x86.ActiveCfg = Release|Win32
		{CDDE6AF9-1B81-47FA-B3CC-A757D515A159}.Release|x86.Build.0 = Release|Win32
		{DFC9A37D-4607-4D79-AF9E-BA7840219076}.Debug|x64.ActiveCfg = Debug|x64
		{DFC9A37D-4607-4D79-AF9E-BA7840219076}.Debug|x64.Build.0 = Debug|x64
		{DFC9A37D-4607-4D79-AF9E-BA7840219076}.Debug|x86.ActiveCfg = Debug|Win32
		{DFC9A37D-4607-4D79-AF9E-BA7840219076}.Debug|x86.Build.0 = Debug|Win32
		{DFC9A37D-4607-4D79-AF9E-BA7840219076}.Release|x64.ActiveCfg = Release|x64
		{DFC9A37D-4607-4D79-AF9E-BA7840219076}.Release|x64.Build.0 = Release|x64
		{DFC9A37D-4607-4D79-AF9E-BA7840219076}.Release|x86.ActiveCfg = Release|Win32
		{DFC9A37D-4607-4D79-AF9E-BA7840219076}.Release|x86.Build.0 = Release|Win32
	EndGlobalSection
	GlobalSection(SolutionProperties) = preSolution
		HideSolutionNode = FALSE
	EndGlobalSection
	GlobalSection(ExtensibilityGlobals) = postSolution
		SolutionGuid = {D684B55C-5B41-49D0-8FFA-71EF6FD75A67}
	EndGlobalSection
EndGlobal
